
Microsoft Visual Studio Solution File, Format Version 12.00
# Visual Studio Version 16
VisualStudioVersion = 16.0.30611.23
MinimumVisualStudioVersion = 10.0.40219.1
Project("{FAE04EC0-301F-11D3-BF4B-00C04F79EFBC}") = "Sound_and_image_project", "Sound_and_image_project.csproj", "{D8C895F1-F775-40D8-AC9B-0132F56FC0F1}"
EndProject
Global
	GlobalSection(SolutionConfigurationPlatforms) = preSolution
		Debug|Any CPU = Debug|Any CPU
		Release|Any CPU = Release|Any CPU
	EndGlobalSection
	GlobalSection(ProjectConfigurationPlatforms) = postSolution
		{D8C895F1-F775-40D8-AC9B-0132F56FC0F1}.Debug|Any CPU.ActiveCfg = Debug|Any CPU
		{D8C895F1-F775-40D8-AC9B-0132F56FC0F1}.Debug|Any CPU.Build.0 = Debug|Any CPU
		{D8C895F1-F775-40D8-AC9B-0132F56FC0F1}.Release|Any CPU.ActiveCfg = Release|Any CPU
		{D8C895F1-F775-40D8-AC9B-0132F56FC0F1}.Release|Any CPU.Build.0 = Release|Any CPU
	EndGlobalSection
	GlobalSection(SolutionProperties) = preSolution
		HideSolutionNode = FALSE
	EndGlobalSection
	GlobalSection(ExtensibilityGlobals) = postSolution
		SolutionGuid = {61803498-C135-4089-9405-67DF5E208D42}
	EndGlobalSection
EndGlobal
